
Microsoft Visual Studio Solution File, Format Version 12.00
# Visual Studio Version 17
VisualStudioVersion = 17.11.35222.181
MinimumVisualStudioVersion = 10.0.40219.1
Project("{FAE04EC0-301F-11D3-BF4B-00C04F79EFBC}") = "ConsoleCalculator", "ConsoleCalculator\ConsoleCalculator.csproj", "{70B88C13-0E61-4513-94C5-F8FF712678FE}"
EndProject
Global
	GlobalSection(SolutionConfigurationPlatforms) = preSolution
		Debug|Any CPU = Debug|Any CPU
		Release|Any CPU = Release|Any CPU
	EndGlobalSection
	GlobalSection(ProjectConfigurationPlatforms) = postSolution
		{70B88C13-0E61-4513-94C5-F8FF712678FE}.Debug|Any CPU.ActiveCfg = Debug|Any CPU
		{70B88C13-0E61-4513-94C5-F8FF712678FE}.Debug|Any CPU.Build.0 = Debug|Any CPU
		{70B88C13-0E61-4513-94C5-F8FF712678FE}.Release|Any CPU.ActiveCfg = Release|Any CPU
		{70B88C13-0E61-4513-94C5-F8FF712678FE}.Release|Any CPU.Build.0 = Release|Any CPU
	EndGlobalSection
	GlobalSection(SolutionProperties) = preSolution
		HideSolutionNode = FALSE
	EndGlobalSection
	GlobalSection(ExtensibilityGlobals) = postSolution
		SolutionGuid = {AE2F7BF6-4C96-4C6B-A056-B04E84678305}
	EndGlobalSection
EndGlobal
