
Microsoft Visual Studio Solution File, Format Version 12.00
# Visual Studio Version 17
VisualStudioVersion = 17.11.35222.181
MinimumVisualStudioVersion = 10.0.40219.1
Project("{FAE04EC0-301F-11D3-BF4B-00C04F79EFBC}") = "CodingTracker", "CodingTracker.csproj", "{5E882805-62E5-403D-9CFE-B84A353BFB2E}"
EndProject
Global
	GlobalSection(SolutionConfigurationPlatforms) = preSolution
		Debug|Any CPU = Debug|Any CPU
		Debug|x86 = Debug|x86
		Release|Any CPU = Release|Any CPU
		Release|x86 = Release|x86
	EndGlobalSection
	GlobalSection(ProjectConfigurationPlatforms) = postSolution
		{5E882805-62E5-403D-9CFE-B84A353BFB2E}.Debug|Any CPU.ActiveCfg = Debug|Any CPU
		{5E882805-62E5-403D-9CFE-B84A353BFB2E}.Debug|Any CPU.Build.0 = Debug|Any CPU
		{5E882805-62E5-403D-9CFE-B84A353BFB2E}.Debug|x86.ActiveCfg = Debug|Any CPU
		{5E882805-62E5-403D-9CFE-B84A353BFB2E}.Debug|x86.Build.0 = Debug|Any CPU
		{5E882805-62E5-403D-9CFE-B84A353BFB2E}.Release|Any CPU.ActiveCfg = Release|Any CPU
		{5E882805-62E5-403D-9CFE-B84A353BFB2E}.Release|Any CPU.Build.0 = Release|Any CPU
		{5E882805-62E5-403D-9CFE-B84A353BFB2E}.Release|x86.ActiveCfg = Release|x86
		{5E882805-62E5-403D-9CFE-B84A353BFB2E}.Release|x86.Build.0 = Release|x86
	EndGlobalSection
	GlobalSection(SolutionProperties) = preSolution
		HideSolutionNode = FALSE
	EndGlobalSection
	GlobalSection(ExtensibilityGlobals) = postSolution
		SolutionGuid = {7BB79263-EAC0-4882-9225-5A6186ABED8E}
	EndGlobalSection
EndGlobal
