
Microsoft Visual Studio Solution File, Format Version 12.00
# Visual Studio Version 17
VisualStudioVersion = 17.12.35527.113 d17.12
MinimumVisualStudioVersion = 10.0.40219.1
Project("{FAE04EC0-301F-11D3-BF4B-00C04F79EFBC}") = "TCSA.MathGame.Maui", "TCSA.MathGame.Maui.csproj", "{3EFF00A4-72D7-4A67-B832-19DED194DFCC}"
EndProject
Global
	GlobalSection(SolutionConfigurationPlatforms) = preSolution
		Debug|Any CPU = Debug|Any CPU
		Release|Any CPU = Release|Any CPU
	EndGlobalSection
	GlobalSection(ProjectConfigurationPlatforms) = postSolution
		{3EFF00A4-72D7-4A67-B832-19DED194DFCC}.Debug|Any CPU.ActiveCfg = Debug|Any CPU
		{3EFF00A4-72D7-4A67-B832-19DED194DFCC}.Debug|Any CPU.Build.0 = Debug|Any CPU
		{3EFF00A4-72D7-4A67-B832-19DED194DFCC}.Release|Any CPU.ActiveCfg = Release|Any CPU
		{3EFF00A4-72D7-4A67-B832-19DED194DFCC}.Release|Any CPU.Build.0 = Release|Any CPU
	EndGlobalSection
	GlobalSection(SolutionProperties) = preSolution
		HideSolutionNode = FALSE
	EndGlobalSection
EndGlobal
