
Microsoft Visual Studio Solution File, Format Version 12.00
# Visual Studio Version 17
VisualStudioVersion = 17.11.35222.181
MinimumVisualStudioVersion = 10.0.40219.1
Project("{FAE04EC0-301F-11D3-BF4B-00C04F79EFBC}") = "MathGame", "MathGame\MathGame.csproj", "{2AD6706F-6639-41E0-9D3E-B3F31A3763E0}"
EndProject
Global
	GlobalSection(SolutionConfigurationPlatforms) = preSolution
		Debug|Any CPU = Debug|Any CPU
		Release|Any CPU = Release|Any CPU
	EndGlobalSection
	GlobalSection(ProjectConfigurationPlatforms) = postSolution
		{2AD6706F-6639-41E0-9D3E-B3F31A3763E0}.Debug|Any CPU.ActiveCfg = Debug|Any CPU
		{2AD6706F-6639-41E0-9D3E-B3F31A3763E0}.Debug|Any CPU.Build.0 = Debug|Any CPU
		{2AD6706F-6639-41E0-9D3E-B3F31A3763E0}.Release|Any CPU.ActiveCfg = Release|Any CPU
		{2AD6706F-6639-41E0-9D3E-B3F31A3763E0}.Release|Any CPU.Build.0 = Release|Any CPU
	EndGlobalSection
	GlobalSection(SolutionProperties) = preSolution
		HideSolutionNode = FALSE
	EndGlobalSection
	GlobalSection(ExtensibilityGlobals) = postSolution
		SolutionGuid = {5AABD5F3-4568-45D3-B8E4-DE3D4F2B140A}
	EndGlobalSection
EndGlobal
